// !$*UTF8*$!
{
	archiveVersion = 1;
	classes = {
	};
	objectVersion = 46;
	objects = {

/* Begin PBXBuildFile section */
		4B4B72CA1C5E9C7400BA00C4 /* AppDelegate.swift in Sources */ = {isa = PBXBuildFile; fileRef = 4B4B72C91C5E9C7400BA00C4 /* AppDelegate.swift */; };
		4B4B72CC1C5E9C7400BA00C4 /* ViewController.swift in Sources */ = {isa = PBXBuildFile; fileRef = 4B4B72CB1C5E9C7400BA00C4 /* ViewController.swift */; };
		4B4B72CF1C5E9C7400BA00C4 /* Main.storyboard in Resources */ = {isa = PBXBuildFile; fileRef = 4B4B72CD1C5E9C7400BA00C4 /* Main.storyboard */; };
/* End PBXBuildFile section */

/* Begin PBXFileReference section */
		4B4B72C61C5E9C7400BA00C4 /* HierarchicalGradationDemo.app */ = {isa = PBXFileReference; explicitFileType = wrapper.application; includeInIndex = 0; path = HierarchicalGradationDemo.app; sourceTree = BUILT_PRODUCTS_DIR; };
		4B4B72C91C5E9C7400BA00C4 /* AppDelegate.swift */ = {isa = PBXFileReference; lastKnownFileType = sourcecode.swift; path = AppDelegate.swift; sourceTree = "<group>"; };
		4B4B72CB1C5E9C7400BA00C4 /* ViewController.swift */ = {isa = PBXFileReference; lastKnownFileType = sourcecode.swift; path = ViewController.swift; sourceTree = "<group>"; };
		4B4B72CE1C5E9C7400BA00C4 /* Base */ = {isa = PBXFileReference; lastKnownFileType = file.storyboard; name = Base; path = Base.lproj/Main.storyboard; sourceTree = "<group>"; };
		4B4B72D51C5E9C7400BA00C4 /* Info.plist */ = {isa = PBXFileReference; lastKnownFileType = text.plist.xml; path = Info.plist; sourceTree = "<group>"; };
/* End PBXFileReference section */

/* Begin PBXFrameworksBuildPhase section */
		4B4B72C31C5E9C7400BA00C4 /* Frameworks */ = {
			isa = PBXFrameworksBuildPhase;
			buildActionMask = 2147483647;
			files = (
			);
			runOnlyForDeploymentPostprocessing = 0;
		};
/* End PBXFrameworksBuildPhase section */

/* Begin PBXGroup section */
		4B4B72BD1C5E9C7400BA00C4 = {
			isa = PBXGroup;
			children = (
				4B4B72C81C5E9C7400BA00C4 /* HierarchicalGradationDemo */,
				4B4B72C71C5E9C7400BA00C4 /* Products */,
			);
			sourceTree = "<group>";
		};
		4B4B72C71C5E9C7400BA00C4 /* Products */ = {
			isa = PBXGroup;
			children = (
				4B4B72C61C5E9C7400BA00C4 /* HierarchicalGradationDemo.app */,
			);
			name = Products;
			sourceTree = "<group>";
		};
		4B4B72C81C5E9C7400BA00C4 /* HierarchicalGradationDemo */ = {
			isa = PBXGroup;
			children = (
				4B4B72C91C5E9C7400BA00C4 /* AppDelegate.swift */,
				4B4B72CB1C5E9C7400BA00C4 /* ViewController.swift */,
				4B4B72CD1C5E9C7400BA00C4 /* Main.storyboard */,
				4B4B72D51C5E9C7400BA00C4 /* Info.plist */,
			);
			path = HierarchicalGradationDemo;
			sourceTree = "<group>";
		};
/* End PBXGroup section */

/* Begin PBXNativeTarget section */
		4B4B72C51C5E9C7400BA00C4 /* HierarchicalGradationDemo */ = {
			isa = PBXNativeTarget;
			buildConfigurationList = 4B4B72D81C5E9C7400BA00C4 /* Build configuration list for PBXNativeTarget "HierarchicalGradationDemo" */;
			buildPhases = (
				4B4B72C21C5E9C7400BA00C4 /* Sources */,
				4B4B72C31C5E9C7400BA00C4 /* Frameworks */,
				4B4B72C41C5E9C7400BA00C4 /* Resources */,
			);
			buildRules = (
			);
			dependencies = (
			);
			name = HierarchicalGradationDemo;
			productName = HierarchicalGradationDemo;
			productReference = 4B4B72C61C5E9C7400BA00C4 /* HierarchicalGradationDemo.app */;
			productType = "com.apple.product-type.application";
		};
/* End PBXNativeTarget section */

/* Begin PBXProject section */
		4B4B72BE1C5E9C7400BA00C4 /* Project object */ = {
			isa = PBXProject;
			attributes = {
				LastSwiftUpdateCheck = 0720;
				LastUpgradeCheck = 0720;
				ORGANIZATIONNAME = Krimpedance;
				TargetAttributes = {
					4B4B72C51C5E9C7400BA00C4 = {
						CreatedOnToolsVersion = 7.2;
					};
				};
			};
			buildConfigurationList = 4B4B72C11C5E9C7400BA00C4 /* Build configuration list for PBXProject "HierarchicalGradationDemo" */;
			compatibilityVersion = "Xcode 3.2";
			developmentRegion = English;
			hasScannedForEncodings = 0;
			knownRegions = (
				en,
				Base,
			);
			mainGroup = 4B4B72BD1C5E9C7400BA00C4;
			productRefGroup = 4B4B72C71C5E9C7400BA00C4 /* Products */;
			projectDirPath = "";
			projectRoot = "";
			targets = (
				4B4B72C51C5E9C7400BA00C4 /* HierarchicalGradationDemo */,
			);
		};
/* End PBXProject section */

/* Begin PBXResourcesBuildPhase section */
		4B4B72C41C5E9C7400BA00C4 /* Resources */ = {
			isa = PBXResourcesBuildPhase;
			buildActionMask = 2147483647;
			files = (
				4B4B72CF1C5E9C7400BA00C4 /* Main.storyboard in Resources */,
			);
			runOnlyForDeploymentPostprocessing = 0;
		};
/* End PBXResourcesBuildPhase section */

/* Begin PBXSourcesBuildPhase section */
		4B4B72C21C5E9C7400BA00C4 /* Sources */ = {
			isa = PBXSourcesBuildPhase;
			buildActionMask = 2147483647;
			files = (
				4B4B72CC1C5E9C7400BA00C4 /* ViewController.swift in Sources */,
				4B4B72CA1C5E9C7400BA00C4 /* AppDelegate.swift in Sources */,
			);
			runOnlyForDeploymentPostprocessing = 0;
		};
/* End PBXSourcesBuildPhase section */

/* Begin PBXVariantGroup section */
		4B4B72CD1C5E9C7400BA00C4 /* Main.storyboard */ = {
			isa = PBXVariantGroup;
			children = (
				4B4B72CE1C5E9C7400BA00C4 /* Base */,
			);
			name = Main.storyboard;
			sourceTree = "<group>";
		};
/* End PBXVariantGroup section */

/* Begin XCBuildConfiguration section */
		4B4B72D61C5E9C7400BA00C4 /* Debug */ = {
			isa = XCBuildConfiguration;
			buildSettings = {
				ALWAYS_SEARCH_USER_PATHS = NO;
				CLANG_CXX_LANGUAGE_STANDARD = "gnu++0x";
				CLANG_CXX_LIBRARY = "libc++";
				CLANG_ENABLE_MODULES = YES;
				CLANG_ENABLE_OBJC_ARC = YES;
				CLANG_WARN_BOOL_CONVERSION = YES;
				CLANG_WARN_CONSTANT_CONVERSION = YES;
				CLANG_WARN_DIRECT_OBJC_ISA_USAGE = YES_ERROR;
				CLANG_WARN_EMPTY_BODY = YES;
				CLANG_WARN_ENUM_CONVERSION = YES;
				CLANG_WARN_INT_CONVERSION = YES;
				CLANG_WARN_OBJC_ROOT_CLASS = YES_ERROR;
				CLANG_WARN_UNREACHABLE_CODE = YES;
				CLANG_WARN__DUPLICATE_METHOD_MATCH = YES;
				"CODE_SIGN_IDENTITY[sdk=iphoneos*]" = "iPhone Developer";
				COPY_PHASE_STRIP = NO;
				DEBUG_INFORMATION_FORMAT = dwarf;
				ENABLE_STRICT_OBJC_MSGSEND = YES;
				ENABLE_TESTABILITY = YES;
				GCC_C_LANGUAGE_STANDARD = gnu99;
				GCC_DYNAMIC_NO_PIC = NO;
				GCC_NO_COMMON_BLOCKS = YES;
				GCC_OPTIMIZATION_LEVEL = 0;
				GCC_PREPROCESSOR_DEFINITIONS = (
					"DEBUG=1",
					"$(inherited)",
				);
				GCC_WARN_64_TO_32_BIT_CONVERSION = YES;
				GCC_WARN_ABOUT_RETURN_TYPE = YES_ERROR;
				GCC_WARN_UNDECLARED_SELECTOR = YES;
				GCC_WARN_UNINITIALIZED_AUTOS = YES_AGGRESSIVE;
				GCC_WARN_UNUSED_FUNCTION = YES;
				GCC_WARN_UNUSED_VARIABLE = YES;
				IPHONEOS_DEPLOYMENT_TARGET = 9.2;
				MTL_ENABLE_DEBUG_INFO = YES;
				ONLY_ACTIVE_ARCH = YES;
				SDKROOT = iphoneos;
				SWIFT_OPTIMIZATION_LEVEL = "-Onone";
			};
			name = Debug;
		};
		4B4B72D71C5E9C7400BA00C4 /* Release */ = {
			isa = XCBuildConfiguration;
			buildSettings = {
				ALWAYS_SEARCH_USER_PATHS = NO;
				CLANG_CXX_LANGUAGE_STANDARD = "gnu++0x";
				CLANG_CXX_LIBRARY = "libc++";
				CLANG_ENABLE_MODULES = YES;
				CLANG_ENABLE_OBJC_ARC = YES;
				CLANG_WARN_BOOL_CONVERSION = YES;
				CLANG_WARN_CONSTANT_CONVERSION = YES;
				CLANG_WARN_DIRECT_OBJC_ISA_USAGE = YES_ERROR;
				CLANG_WARN_EMPTY_BODY = YES;
				CLANG_WARN_ENUM_CONVERSION = YES;
				CLANG_WARN_INT_CONVERSION = YES;
				CLANG_WARN_OBJC_ROOT_CLASS = YES_ERROR;
				CLANG_WARN_UNREACHABLE_CODE = YES;
				CLANG_WARN__DUPLICATE_METHOD_MATCH = YES;
				"CODE_SIGN_IDENTITY[sdk=iphoneos*]" = "iPhone Developer";
				COPY_PHASE_STRIP = NO;
				DEBUG_INFORMATION_FORMAT = "dwarf-with-dsym";
				ENABLE_NS_ASSERTIONS = NO;
				ENABLE_STRICT_OBJC_MSGSEND = YES;
				GCC_C_LANGUAGE_STANDARD = gnu99;
				GCC_NO_COMMON_BLOCKS = YES;
				GCC_WARN_64_TO_32_BIT_CONVERSION = YES;
				GCC_WARN_ABOUT_RETURN_TYPE = YES_ERROR;
				GCC_WARN_UNDECLARED_SELECTOR = YES;
				GCC_WARN_UNINITIALIZED_AUTOS = YES_AGGRESSIVE;
				GCC_WARN_UNUSED_FUNCTION = YES;
				GCC_WARN_UNUSED_VARIABLE = YES;
				IPHONEOS_DEPLOYMENT_TARGET = 9.2;
				MTL_ENABLE_DEBUG_INFO = NO;
				SDKROOT = iphoneos;
				VALIDATE_PRODUCT = YES;
			};
			name = Release;
		};
		4B4B72D91C5E9C7400BA00C4 /* Debug */ = {
			isa = XCBuildConfiguration;
			buildSettings = {
				INFOPLIST_FILE = HierarchicalGradationDemo/Info.plist;
				LD_RUNPATH_SEARCH_PATHS = "$(inherited) @executable_path/Frameworks";
				PRODUCT_BUNDLE_IDENTIFIER = com.example.HierarchicalGradationDemo;
				PRODUCT_NAME = "$(TARGET_NAME)";
			};
			name = Debug;
		};
		4B4B72DA1C5E9C7400BA00C4 /* Release */ = {
			isa = XCBuildConfiguration;
			buildSettings = {
				INFOPLIST_FILE = HierarchicalGradationDemo/Info.plist;
				LD_RUNPATH_SEARCH_PATHS = "$(inherited) @executable_path/Frameworks";
				PRODUCT_BUNDLE_IDENTIFIER = com.example.HierarchicalGradationDemo;
				PRODUCT_NAME = "$(TARGET_NAME)";
			};
			name = Release;
		};
/* End XCBuildConfiguration section */

/* Begin XCConfigurationList section */
		4B4B72C11C5E9C7400BA00C4 /* Build configuration list for PBXProject "HierarchicalGradationDemo" */ = {
			isa = XCConfigurationList;
			buildConfigurations = (
				4B4B72D61C5E9C7400BA00C4 /* Debug */,
				4B4B72D71C5E9C7400BA00C4 /* Release */,
			);
			defaultConfigurationIsVisible = 0;
			defaultConfigurationName = Release;
		};
		4B4B72D81C5E9C7400BA00C4 /* Build configuration list for PBXNativeTarget "HierarchicalGradationDemo" */ = {
			isa = XCConfigurationList;
			buildConfigurations = (
				4B4B72D91C5E9C7400BA00C4 /* Debug */,
				4B4B72DA1C5E9C7400BA00C4 /* Release */,
			);
			defaultConfigurationIsVisible = 0;
		};
/* End XCConfigurationList section */
	};
	rootObject = 4B4B72BE1C5E9C7400BA00C4 /* Project object */;
}
